# This file is automatically @generated by Cargo.
# It is not intended for manual editing.
version = 3

[[package]]
name = "adler"
version = "1.0.2"
source = "registry+https://github.com/rust-lang/crates.io-index"
checksum = "f26201604c87b1e01bd3d98f8d5d9a8fcbb815e8cedb41ffccbeb4bf593a35fe"

[[package]]
name = "aho-corasick"
version = "0.7.20"
source = "registry+https://github.com/rust-lang/crates.io-index"
checksum = "cc936419f96fa211c1b9166887b38e5e40b19958e5b895be7c1f93adec7071ac"
dependencies = [
 "memchr",
]

[[package]]
name = "autocfg"
version = "1.1.0"
source = "registry+https://github.com/rust-lang/crates.io-index"
checksum = "d468802bab17cbc0cc575e9b053f41e72aa36bfa6b7f55e3529ffa43161b97fa"

[[package]]
name = "bitflags"
version = "1.3.2"
source = "registry+https://github.com/rust-lang/crates.io-index"
checksum = "bef38d45163c2f1dde094a7dfd33ccf595c92905c8f8f4fdc18d06fb1037718a"

[[package]]
name = "bumpalo"
version = "3.11.1"
source = "registry+https://github.com/rust-lang/crates.io-index"
checksum = "572f695136211188308f16ad2ca5c851a712c464060ae6974944458eb83880ba"

[[package]]
name = "byteorder"
version = "1.4.3"
source = "registry+https://github.com/rust-lang/crates.io-index"
checksum = "14c189c53d098945499cdfa7ecc63567cf3886b3332b312a5b4585d8d3a6a610"

[[package]]
name = "cfg-if"
version = "1.0.0"
source = "registry+https://github.com/rust-lang/crates.io-index"
checksum = "baf1de4339761588bc0619e3cbc0120ee582ebb74b53b4efbf79117bd2da40fd"

[[package]]
name = "crc32fast"
version = "1.3.2"
source = "registry+https://github.com/rust-lang/crates.io-index"
checksum = "b540bd8bc810d3885c6ea91e2018302f68baba2129ab3e88f32389ee9370880d"
dependencies = [
 "cfg-if",
]

[[package]]
name = "crossbeam-channel"
version = "0.5.6"
source = "registry+https://github.com/rust-lang/crates.io-index"
checksum = "c2dd04ddaf88237dc3b8d8f9a3c1004b506b54b3313403944054d23c0870c521"
dependencies = [
 "cfg-if",
 "crossbeam-utils",
]

[[package]]
name = "crossbeam-deque"
version = "0.8.2"
source = "registry+https://github.com/rust-lang/crates.io-index"
checksum = "715e8152b692bba2d374b53d4875445368fdf21a94751410af607a5ac677d1fc"
dependencies = [
 "cfg-if",
 "crossbeam-epoch",
 "crossbeam-utils",
]

[[package]]
name = "crossbeam-epoch"
version = "0.9.13"
source = "registry+https://github.com/rust-lang/crates.io-index"
checksum = "01a9af1f4c2ef74bb8aa1f7e19706bc72d03598c8a570bb5de72243c7a9d9d5a"
dependencies = [
 "autocfg",
 "cfg-if",
 "crossbeam-utils",
 "memoffset 0.7.1",
 "scopeguard",
]

[[package]]
name = "crossbeam-utils"
version = "0.8.14"
source = "registry+https://github.com/rust-lang/crates.io-index"
checksum = "4fb766fa798726286dbbb842f174001dab8abc7b627a1dd86e0b7222a95d929f"
dependencies = [
 "cfg-if",
]

[[package]]
name = "either"
version = "1.8.0"
source = "registry+https://github.com/rust-lang/crates.io-index"
checksum = "90e5c1c8368803113bf0c9584fc495a58b86dc8a29edbf8fe877d21d9507e797"

[[package]]
name = "flate2"
version = "1.0.25"
source = "registry+https://github.com/rust-lang/crates.io-index"
checksum = "a8a2db397cb1c8772f31494cb8917e48cd1e64f0fa7efac59fbd741a0a8ce841"
dependencies = [
 "crc32fast",
 "miniz_oxide",
]

[[package]]
name = "fraction"
version = "0.10.0"
source = "registry+https://github.com/rust-lang/crates.io-index"
checksum = "6bb65943183b6b3cbf00f64c181e8178217e30194381b150e4f87ec59864c803"
dependencies = [
 "lazy_static",
 "num",
]

[[package]]
name = "heck"
version = "0.4.0"
source = "registry+https://github.com/rust-lang/crates.io-index"
checksum = "2540771e65fc8cb83cd6e8a237f70c319bd5c29f78ed1084ba5d50eeac86f7f9"

[[package]]
name = "hermit-abi"
version = "0.1.19"
source = "registry+https://github.com/rust-lang/crates.io-index"
checksum = "62b467343b94ba476dcb2500d242dadbb39557df889310ac77c5d99100aaac33"
dependencies = [
 "libc",
]

[[package]]
name = "include_dir"
version = "0.7.3"
source = "registry+https://github.com/rust-lang/crates.io-index"
checksum = "18762faeff7122e89e0857b02f7ce6fcc0d101d5e9ad2ad7846cc01d61b7f19e"
dependencies = [
 "include_dir_macros",
]

[[package]]
name = "include_dir_macros"
version = "0.7.3"
source = "registry+https://github.com/rust-lang/crates.io-index"
checksum = "b139284b5cf57ecfa712bcc66950bb635b31aff41c188e8a4cfc758eca374a3f"
dependencies = [
 "proc-macro2",
 "quote",
]

[[package]]
name = "indoc"
version = "1.0.7"
source = "registry+https://github.com/rust-lang/crates.io-index"
checksum = "adab1eaa3408fb7f0c777a73e7465fd5656136fc93b670eb6df3c88c2c1344e3"

[[package]]
name = "itertools"
version = "0.10.5"
source = "registry+https://github.com/rust-lang/crates.io-index"
checksum = "b0fd2260e829bddf4cb6ea802289de2f86d6a7a690192fbe91b3f46e0f2c8473"
dependencies = [
 "either",
]

[[package]]
name = "itoa"
version = "1.0.4"
source = "registry+https://github.com/rust-lang/crates.io-index"
checksum = "4217ad341ebadf8d8e724e264f13e593e0648f5b3e94b3896a5df283be015ecc"

[[package]]
name = "lazy_static"
version = "1.4.0"
source = "registry+https://github.com/rust-lang/crates.io-index"
checksum = "e2abad23fbc42b3700f2f279844dc832adb2b2eb069b2df918f455c4e18cc646"

[[package]]
name = "libc"
version = "0.2.138"
source = "registry+https://github.com/rust-lang/crates.io-index"
checksum = "db6d7e329c562c5dfab7a46a2afabc8b987ab9a4834c9d1ca04dc54c1546cef8"

[[package]]
name = "lingua"
version = "1.4.0"
source = "registry+https://github.com/rust-lang/crates.io-index"
checksum = "0ff1807a80606b30b928e1c171c8ec030b0d3aef99bb2259a051516229bb9213"
dependencies = [
 "fraction",
 "include_dir",
 "itertools",
 "lingua-afrikaans-language-model",
 "lingua-albanian-language-model",
 "lingua-arabic-language-model",
 "lingua-armenian-language-model",
 "lingua-azerbaijani-language-model",
 "lingua-basque-language-model",
 "lingua-belarusian-language-model",
 "lingua-bengali-language-model",
 "lingua-bokmal-language-model",
 "lingua-bosnian-language-model",
 "lingua-bulgarian-language-model",
 "lingua-catalan-language-model",
 "lingua-chinese-language-model",
 "lingua-croatian-language-model",
 "lingua-czech-language-model",
 "lingua-danish-language-model",
 "lingua-dutch-language-model",
 "lingua-english-language-model",
 "lingua-esperanto-language-model",
 "lingua-estonian-language-model",
 "lingua-finnish-language-model",
 "lingua-french-language-model",
 "lingua-ganda-language-model",
 "lingua-georgian-language-model",
 "lingua-german-language-model",
 "lingua-greek-language-model",
 "lingua-gujarati-language-model",
 "lingua-hebrew-language-model",
 "lingua-hindi-language-model",
 "lingua-hungarian-language-model",
 "lingua-icelandic-language-model",
 "lingua-indonesian-language-model",
 "lingua-irish-language-model",
 "lingua-italian-language-model",
 "lingua-japanese-language-model",
 "lingua-kazakh-language-model",
 "lingua-korean-language-model",
 "lingua-latin-language-model",
 "lingua-latvian-language-model",
 "lingua-lithuanian-language-model",
 "lingua-macedonian-language-model",
 "lingua-malay-language-model",
 "lingua-maori-language-model",
 "lingua-marathi-language-model",
 "lingua-mongolian-language-model",
 "lingua-nynorsk-language-model",
 "lingua-persian-language-model",
 "lingua-polish-language-model",
 "lingua-portuguese-language-model",
 "lingua-punjabi-language-model",
 "lingua-romanian-language-model",
 "lingua-russian-language-model",
 "lingua-serbian-language-model",
 "lingua-shona-language-model",
 "lingua-slovak-language-model",
 "lingua-slovene-language-model",
 "lingua-somali-language-model",
 "lingua-sotho-language-model",
 "lingua-spanish-language-model",
 "lingua-swahili-language-model",
 "lingua-swedish-language-model",
 "lingua-tagalog-language-model",
 "lingua-tamil-language-model",
 "lingua-telugu-language-model",
 "lingua-thai-language-model",
 "lingua-tsonga-language-model",
 "lingua-tswana-language-model",
 "lingua-turkish-language-model",
 "lingua-ukrainian-language-model",
 "lingua-urdu-language-model",
 "lingua-vietnamese-language-model",
 "lingua-welsh-language-model",
 "lingua-xhosa-language-model",
 "lingua-yoruba-language-model",
 "lingua-zulu-language-model",
 "maplit",
 "once_cell",
 "rayon",
 "regex",
 "serde",
 "serde_json",
 "strum",
 "strum_macros",
 "wasm-bindgen",
 "zip",
]

[[package]]
name = "lingua-afrikaans-language-model"
version = "1.0.1"
source = "registry+https://github.com/rust-lang/crates.io-index"
checksum = "1a5a9ec0e06d8afce002d93b8d3c41a5ae489228c7b6cc2dda882a41e186b9cb"
dependencies = [
 "include_dir",
]

[[package]]
name = "lingua-albanian-language-model"
version = "1.0.1"
source = "registry+https://github.com/rust-lang/crates.io-index"
checksum = "3a332101361229cfbf1c723fd6d5a31ea6925ffa031f5b848f26df7642e133f2"
dependencies = [
 "include_dir",
]

[[package]]
name = "lingua-arabic-language-model"
version = "1.0.1"
source = "registry+https://github.com/rust-lang/crates.io-index"
checksum = "fea063b53093ebc05ba56130317a6cbe80723fa5d8da152fd5d7bc9b58450f19"
dependencies = [
 "include_dir",
]

[[package]]
name = "lingua-armenian-language-model"
version = "1.0.1"
source = "registry+https://github.com/rust-lang/crates.io-index"
checksum = "d9060db52a551fac2712b3f5051de8942716b4e1e2967856d864a956392d6ce3"
dependencies = [
 "include_dir",
]

[[package]]
name = "lingua-azerbaijani-language-model"
version = "1.0.1"
source = "registry+https://github.com/rust-lang/crates.io-index"
checksum = "d68232a1eb939d251f9f3468996aec8184647eb35d5575280ff22f102a7334f6"
dependencies = [
 "include_dir",
]

[[package]]
name = "lingua-basque-language-model"
version = "1.0.1"
source = "registry+https://github.com/rust-lang/crates.io-index"
checksum = "bd8e0bf799ddf0fce013759fd77099c9a50360108b603b849cfe78820317efbe"
dependencies = [
 "include_dir",
]

[[package]]
name = "lingua-belarusian-language-model"
version = "1.0.1"
source = "registry+https://github.com/rust-lang/crates.io-index"
checksum = "65226128d55fa9be0128caddbca7f7866b242d793df0f2f20dd02c7f0c5aadf1"
dependencies = [
 "include_dir",
]

[[package]]
name = "lingua-bengali-language-model"
version = "1.0.1"
source = "registry+https://github.com/rust-lang/crates.io-index"
checksum = "47002195ac6aa3283986023a8d7384fd469b403af1093dff0a4abfa913ddfeea"
dependencies = [
 "include_dir",
]

[[package]]
name = "lingua-bokmal-language-model"
version = "1.0.1"
source = "registry+https://github.com/rust-lang/crates.io-index"
checksum = "7e69a2e872f146246d05254884b17100c732d663c73422413f0dd5a65a351798"
dependencies = [
 "include_dir",
]

[[package]]
name = "lingua-bosnian-language-model"
version = "1.0.1"
source = "registry+https://github.com/rust-lang/crates.io-index"
checksum = "6cf6b0e45c26c805eebc59b21856f7b4860146ec5e3984e6291d5bfc422c127c"
dependencies = [
 "include_dir",
]

[[package]]
name = "lingua-bulgarian-language-model"
version = "1.0.1"
source = "registry+https://github.com/rust-lang/crates.io-index"
checksum = "a904551e986c5bd5f55ed832893aba0bba80315e4f06f3aed45b9d7c13c4328f"
dependencies = [
 "include_dir",
]

[[package]]
name = "lingua-catalan-language-model"
version = "1.0.1"
source = "registry+https://github.com/rust-lang/crates.io-index"
checksum = "099aaee95f04177b785bb791b603d53a8b0e3eda5eceef5c043633b0631457d7"
dependencies = [
 "include_dir",
]

[[package]]
name = "lingua-chinese-language-model"
version = "1.0.1"
source = "registry+https://github.com/rust-lang/crates.io-index"
checksum = "f6015fe96965c7c4b1f1552931cfd993b710cc9c6a8f2b28655d79f20ad43092"
dependencies = [
 "include_dir",
]

[[package]]
name = "lingua-croatian-language-model"
version = "1.0.1"
source = "registry+https://github.com/rust-lang/crates.io-index"
checksum = "d1c07a2adaf7ee6986bcbf40d2787873e46c400fd103babc6427f506123e21e5"
dependencies = [
 "include_dir",
]

[[package]]
name = "lingua-czech-language-model"
version = "1.0.1"
source = "registry+https://github.com/rust-lang/crates.io-index"
checksum = "cd8daaec821d88775d247154dd75962a3a5daf83dacae0e40aa33718c310e46e"
dependencies = [
 "include_dir",
]

[[package]]
name = "lingua-danish-language-model"
version = "1.0.1"
source = "registry+https://github.com/rust-lang/crates.io-index"
checksum = "04af91fa8c79572331842d111ba3ca75f785925dc3b144957c1cce7d1c5f728c"
dependencies = [
 "include_dir",
]

[[package]]
name = "lingua-dutch-language-model"
version = "1.0.1"
source = "registry+https://github.com/rust-lang/crates.io-index"
checksum = "ae4a303904373d2b5d8165c579a3cd01dc0f2c11cfbeef73ff941c64c09e27f5"
dependencies = [
 "include_dir",
]

[[package]]
name = "lingua-english-language-model"
version = "1.0.1"
source = "registry+https://github.com/rust-lang/crates.io-index"
checksum = "aa6ba281afeb7f767fa6a08b0e10eedc45944eb3a7994fa4dd49fdcc0c3981b2"
dependencies = [
 "include_dir",
]

[[package]]
name = "lingua-esperanto-language-model"
version = "1.0.1"
source = "registry+https://github.com/rust-lang/crates.io-index"
checksum = "b60ed4f4bfeef65890f9fa17c937b8258c12d1060bda4779a7b09555f67d7727"
dependencies = [
 "include_dir",
]

[[package]]
name = "lingua-estonian-language-model"
version = "1.0.1"
source = "registry+https://github.com/rust-lang/crates.io-index"
checksum = "b2a95a66f981f6d3b09ec69b78ea3ef30e861c4380d7a1940a27380d053353cc"
dependencies = [
 "include_dir",
]

[[package]]
name = "lingua-finnish-language-model"
version = "1.0.1"
source = "registry+https://github.com/rust-lang/crates.io-index"
checksum = "90657afd99b586d8c2ad2229e3de62a79cc7d631fbdcd6e148056b8363364caa"
dependencies = [
 "include_dir",
]

[[package]]
name = "lingua-french-language-model"
version = "1.0.1"
source = "registry+https://github.com/rust-lang/crates.io-index"
checksum = "b41d3ef75e2c6b4c363feabe66c34409add33bc04eeed48a06b1e196d9700d85"
dependencies = [
 "include_dir",
]

[[package]]
name = "lingua-ganda-language-model"
version = "1.0.1"
source = "registry+https://github.com/rust-lang/crates.io-index"
checksum = "fdb4c076bafdf27a59c35a58d0fa8067fa2dd048ee0a5e7ff1fd8db725ce986b"
dependencies = [
 "include_dir",
]

[[package]]
name = "lingua-georgian-language-model"
version = "1.0.1"
source = "registry+https://github.com/rust-lang/crates.io-index"
checksum = "647526a2b32d1e095dd23e3666a3104f3e69a0fe2f44dc0e904272dedfb0f189"
dependencies = [
 "include_dir",
]

[[package]]
name = "lingua-german-language-model"
version = "1.0.1"
source = "registry+https://github.com/rust-lang/crates.io-index"
checksum = "b878b826926f260313afb4568f10f87c1e55a2c32640f30ee127a83d87fcc115"
dependencies = [
 "include_dir",
]

[[package]]
name = "lingua-greek-language-model"
version = "1.0.1"
source = "registry+https://github.com/rust-lang/crates.io-index"
checksum = "1c8f219cd4249326196eded87d284be6a1b12542b0d178a62b293e52e79b4095"
dependencies = [
 "include_dir",
]

[[package]]
name = "lingua-gujarati-language-model"
version = "1.0.1"
source = "registry+https://github.com/rust-lang/crates.io-index"
checksum = "2343159f19ef0b398e1390a6c829a5280c295349d44d171bd85ba909c5e793a2"
dependencies = [
 "include_dir",
]

[[package]]
name = "lingua-hebrew-language-model"
version = "1.0.1"
source = "registry+https://github.com/rust-lang/crates.io-index"
checksum = "26beada9b9791a8bb5fa1ef7715e1df182c8c5abdc88731b3d4afed7f9dced4e"
dependencies = [
 "include_dir",
]

[[package]]
name = "lingua-hindi-language-model"
version = "1.0.1"
source = "registry+https://github.com/rust-lang/crates.io-index"
checksum = "30699440ee47c7b91cb2e0631985f05c225460f1e319a8136ca72a97c0bf5a84"
dependencies = [
 "include_dir",
]

[[package]]
name = "lingua-hungarian-language-model"
version = "1.0.1"
source = "registry+https://github.com/rust-lang/crates.io-index"
checksum = "1b048a1f8d446c0ecd73f16b14d8e7e66a16cd0382fd5baafa4e6a5bd5ea99e2"
dependencies = [
 "include_dir",
]

[[package]]
name = "lingua-icelandic-language-model"
version = "1.0.1"
source = "registry+https://github.com/rust-lang/crates.io-index"
checksum = "8129d934943bc989aa60371e2f1ff315d17a1129f2dc2a2096650921d296fe98"
dependencies = [
 "include_dir",
]

[[package]]
name = "lingua-indonesian-language-model"
version = "1.0.1"
source = "registry+https://github.com/rust-lang/crates.io-index"
checksum = "ee4ed10b915f8b29156adfa26ac33f64a77ea86d235ff83dc52b22384e78891e"
dependencies = [
 "include_dir",
]

[[package]]
name = "lingua-irish-language-model"
version = "1.0.1"
source = "registry+https://github.com/rust-lang/crates.io-index"
checksum = "592fee9f34d0fcd24fd171d5320031606626304d40f860ce87532ad7830022a0"
dependencies = [
 "include_dir",
]

[[package]]
name = "lingua-italian-language-model"
version = "1.0.1"
source = "registry+https://github.com/rust-lang/crates.io-index"
checksum = "24cec9eab6c9c137ef348c173da12bed857dd9d4d3fce8972de6d5ee80ca41ae"
dependencies = [
 "include_dir",
]

[[package]]
name = "lingua-japanese-language-model"
version = "1.0.1"
source = "registry+https://github.com/rust-lang/crates.io-index"
checksum = "3d00bd26e2de75e813a1e9f204d047aae469f6d451b65773407f52422c780929"
dependencies = [
 "include_dir",
]

[[package]]
name = "lingua-kazakh-language-model"
version = "1.0.1"
source = "registry+https://github.com/rust-lang/crates.io-index"
checksum = "21da0ab799a77a6221f86c15227eb95fe3e092d2a31263f276a4c9aa43b75786"
dependencies = [
 "include_dir",
]

[[package]]
name = "lingua-korean-language-model"
version = "1.0.1"
source = "registry+https://github.com/rust-lang/crates.io-index"
checksum = "fa37965f7449f2c731d830aab18d2a528b920befbb6e4405772d92d539242a0b"
dependencies = [
 "include_dir",
]

[[package]]
name = "lingua-latin-language-model"
version = "1.0.1"
source = "registry+https://github.com/rust-lang/crates.io-index"
checksum = "c48bace6da840f1a2627878219c0fa50d629d02add35e3561e5c75006b54d4b1"
dependencies = [
 "include_dir",
]

[[package]]
name = "lingua-latvian-language-model"
version = "1.0.2"
source = "registry+https://github.com/rust-lang/crates.io-index"
checksum = "5fe0b49052fa9399bc70ccaf820c13fd514f132a027f966d7df5be2eba504e1f"
dependencies = [
 "include_dir",
]

[[package]]
name = "lingua-lithuanian-language-model"
version = "1.0.1"
source = "registry+https://github.com/rust-lang/crates.io-index"
checksum = "1ccfd1a636365e72433a7ca43bb32e5acc8b5e239919747a89d6afca9d60d7cb"
dependencies = [
 "include_dir",
]

[[package]]
name = "lingua-macedonian-language-model"
version = "1.0.1"
source = "registry+https://github.com/rust-lang/crates.io-index"
checksum = "45db07681c6c72683a83fa97288135dd1ed090db0d1fefd563d01b49428183db"
dependencies = [
 "include_dir",
]

[[package]]
name = "lingua-malay-language-model"
version = "1.0.1"
source = "registry+https://github.com/rust-lang/crates.io-index"
checksum = "15efc930c9b3bce23b261527faf6cf8f3819f0f91c573760d7327d2f11a183e5"
dependencies = [
 "include_dir",
]

[[package]]
name = "lingua-maori-language-model"
version = "1.0.1"
source = "registry+https://github.com/rust-lang/crates.io-index"
checksum = "e517b2bf83f7cbd3cdc3b1603899612a71a54d830dd96be63b082ebab7dea000"
dependencies = [
 "include_dir",
]

[[package]]
name = "lingua-marathi-language-model"
version = "1.0.1"
source = "registry+https://github.com/rust-lang/crates.io-index"
checksum = "88462495f40ddd18c4e05fe6d067351e1337ddab8ae7fd7eba39b89630809367"
dependencies = [
 "include_dir",
]

[[package]]
name = "lingua-mongolian-language-model"
version = "1.0.1"
source = "registry+https://github.com/rust-lang/crates.io-index"
checksum = "82ca6a89a7500525d2ec5e24a7ee7ed1cb93cda4116a3ac2a3cabe689ff03951"
dependencies = [
 "include_dir",
]

[[package]]
name = "lingua-nynorsk-language-model"
version = "1.0.1"
source = "registry+https://github.com/rust-lang/crates.io-index"
checksum = "445d81e0d9b171c23eb8b8c37660dc6594d0bee801f5d0789cd7db17ceef58fe"
dependencies = [
 "include_dir",
]

[[package]]
name = "lingua-persian-language-model"
version = "1.0.1"
source = "registry+https://github.com/rust-lang/crates.io-index"
checksum = "795011db21b24cd51ad7cec8b8fe1a2452b4c26451d1bb91737eeb3434f6b507"
dependencies = [
 "include_dir",
]

[[package]]
name = "lingua-polish-language-model"
version = "1.0.1"
source = "registry+https://github.com/rust-lang/crates.io-index"
checksum = "17673ac03a100e9df1588fcc8f7dba0124d2055f96d1169626e805cedb332205"
dependencies = [
 "include_dir",
]

[[package]]
name = "lingua-portuguese-language-model"
version = "1.0.1"
source = "registry+https://github.com/rust-lang/crates.io-index"
checksum = "bfb604ee45a96a8be1c4b80776bf29399fcedc55b65912d28aa7e3ef726dda77"
dependencies = [
 "include_dir",
]

[[package]]
name = "lingua-punjabi-language-model"
version = "1.0.1"
source = "registry+https://github.com/rust-lang/crates.io-index"
checksum = "41d9868ddd52a367dd2cd99eb135a328f2493631a03908894193bcf286d2a1d0"
dependencies = [
 "include_dir",
]

[[package]]
name = "lingua-romanian-language-model"
version = "1.0.1"
source = "registry+https://github.com/rust-lang/crates.io-index"
checksum = "3645b4134f3aa7e756212ca5f3b79eb2acfda815aef9b35da15ae299c2423a76"
dependencies = [
 "include_dir",
]

[[package]]
name = "lingua-russian-language-model"
version = "1.0.1"
source = "registry+https://github.com/rust-lang/crates.io-index"
checksum = "e2b092363a5834298cb7f1632c184f0877103fb88ad82bf6f07edcb871f0fd85"
dependencies = [
 "include_dir",
]

[[package]]
name = "lingua-serbian-language-model"
version = "1.0.1"
source = "registry+https://github.com/rust-lang/crates.io-index"
checksum = "9b4f19064a23062e81711d7cdc1feb6c51fad175ca3558cb0ad18af8324d0eb5"
dependencies = [
 "include_dir",
]

[[package]]
name = "lingua-shona-language-model"
version = "1.0.1"
source = "registry+https://github.com/rust-lang/crates.io-index"
checksum = "3894f3c223ffc05b7a9f8aab860e61242eb7c63ad109c7c800e959a6879fe1e5"
dependencies = [
 "include_dir",
]

[[package]]
name = "lingua-slovak-language-model"
version = "1.0.1"
source = "registry+https://github.com/rust-lang/crates.io-index"
checksum = "150ccbde4f5e0c2ea3b4e50e5438918df0d54e14734478d59bd446b66efac561"
dependencies = [
 "include_dir",
]

[[package]]
name = "lingua-slovene-language-model"
version = "1.0.1"
source = "registry+https://github.com/rust-lang/crates.io-index"
checksum = "7991cf3a04fc61fe3b6624dd2077c46a5c2b321de4440a809b5efddb94e9a689"
dependencies = [
 "include_dir",
]

[[package]]
name = "lingua-somali-language-model"
version = "1.0.1"
source = "registry+https://github.com/rust-lang/crates.io-index"
checksum = "ccb563dc178d1642f94976e3b3e54f62fa4526c39ad80c4a9405dc7507baf52b"
dependencies = [
 "include_dir",
]

[[package]]
name = "lingua-sotho-language-model"
version = "1.0.1"
source = "registry+https://github.com/rust-lang/crates.io-index"
checksum = "00e2eadbac81290fe6af5ce634af3de635a2c66025e9774cb0843ae1660c0a0a"
dependencies = [
 "include_dir",
]

[[package]]
name = "lingua-spanish-language-model"
version = "1.0.1"
source = "registry+https://github.com/rust-lang/crates.io-index"
checksum = "4fa5ff519621176934e2edd0eb38bdc9ffe8f187e02acacc8c8102192d76f51e"
dependencies = [
 "include_dir",
]

[[package]]
name = "lingua-swahili-language-model"
version = "1.0.1"
source = "registry+https://github.com/rust-lang/crates.io-index"
checksum = "19e9901282f3061f1ca137dc7e0187a982da23044be1176342e15770f0ce29a5"
dependencies = [
 "include_dir",
]

[[package]]
name = "lingua-swedish-language-model"
version = "1.0.1"
source = "registry+https://github.com/rust-lang/crates.io-index"
checksum = "6c434ce21aefb3bc8d88d91235f806ac12406ed035dff36c284777b721f300c0"
dependencies = [
 "include_dir",
]

[[package]]
name = "lingua-tagalog-language-model"
version = "1.0.1"
source = "registry+https://github.com/rust-lang/crates.io-index"
checksum = "93bc8cf068b1ac4839263f9ded63106597178c53d4189a3d8c48f994fbd38e4c"
dependencies = [
 "include_dir",
]

[[package]]
name = "lingua-tamil-language-model"
version = "1.0.1"
source = "registry+https://github.com/rust-lang/crates.io-index"
checksum = "d953994ec7e7bc80d5930bbb5ded5436a34f67734101a108d2b62c36a3a9310e"
dependencies = [
 "include_dir",
]

[[package]]
name = "lingua-telugu-language-model"
version = "1.0.1"
source = "registry+https://github.com/rust-lang/crates.io-index"
checksum = "232aad872671ff53c50a96a91e5d1c886b191217adf41674b777f651fecef287"
dependencies = [
 "include_dir",
]

[[package]]
name = "lingua-thai-language-model"
version = "1.0.1"
source = "registry+https://github.com/rust-lang/crates.io-index"
checksum = "c01dc8ced43c87d37c869528a353681a2bac9c393352e96b820f99120374dc93"
dependencies = [
 "include_dir",
]

[[package]]
name = "lingua-tsonga-language-model"
version = "1.0.1"
source = "registry+https://github.com/rust-lang/crates.io-index"
checksum = "d5990437427d9dee91f8d3f3059d6861dce98719022b8345cbd096043a45e242"
dependencies = [
 "include_dir",
]

[[package]]
name = "lingua-tswana-language-model"
version = "1.0.1"
source = "registry+https://github.com/rust-lang/crates.io-index"
checksum = "19fb235b7b05852f6bded0ffc1890b1da708f1490a41d1c41a417583e406dbf7"
dependencies = [
 "include_dir",
]

[[package]]
name = "lingua-turkish-language-model"
version = "1.0.1"
source = "registry+https://github.com/rust-lang/crates.io-index"
checksum = "f58513bff0ce9503eed82522dc65813370e0116c897c30703f66aa8894788373"
dependencies = [
 "include_dir",
]

[[package]]
name = "lingua-ukrainian-language-model"
version = "1.0.1"
source = "registry+https://github.com/rust-lang/crates.io-index"
checksum = "4c39f40906c186265e12458e73d46767a5211dfad25d5df538f15cee6c348782"
dependencies = [
 "include_dir",
]

[[package]]
name = "lingua-urdu-language-model"
version = "1.0.1"
source = "registry+https://github.com/rust-lang/crates.io-index"
checksum = "984de2de71dda05cf0c09af752d0370dd8d2abffa25bee54749963918663406b"
dependencies = [
 "include_dir",
]

[[package]]
name = "lingua-vietnamese-language-model"
version = "1.0.1"
source = "registry+https://github.com/rust-lang/crates.io-index"
checksum = "a9490c7234aed122e201e629af6854de5752bb879ff3f6ed5aa0ff65fa52fb5c"
dependencies = [
 "include_dir",
]

[[package]]
name = "lingua-welsh-language-model"
version = "1.0.1"
source = "registry+https://github.com/rust-lang/crates.io-index"
checksum = "320df870ddd01919b4815e1a361d753ce1f77dd1abe8db10526ca9093af9f4b9"
dependencies = [
 "include_dir",
]

[[package]]
name = "lingua-xhosa-language-model"
version = "1.0.1"
source = "registry+https://github.com/rust-lang/crates.io-index"
checksum = "a4f5efd0a5cd523fa59d2051cb073b94f4c0ebe4653f6bbeb00e8bd2965be536"
dependencies = [
 "include_dir",
]

[[package]]
name = "lingua-yoruba-language-model"
version = "1.0.1"
source = "registry+https://github.com/rust-lang/crates.io-index"
checksum = "e1db77f9689eb87a89eb715a212ac381f132cc92972f160b4e2c58fe1a2dacb3"
dependencies = [
 "include_dir",
]

[[package]]
name = "lingua-zulu-language-model"
version = "1.0.1"
source = "registry+https://github.com/rust-lang/crates.io-index"
checksum = "4750bd5fe9fcb76c7626b6d267a930758509317947ab0931e7fe055c7c099403"
dependencies = [
 "include_dir",
]

[[package]]
name = "linguars"
version = "0.3.2"
dependencies = [
 "lingua",
 "pyo3",
]

[[package]]
name = "lock_api"
version = "0.4.9"
source = "registry+https://github.com/rust-lang/crates.io-index"
checksum = "435011366fe56583b16cf956f9df0095b405b82d76425bc8981c0e22e60ec4df"
dependencies = [
 "autocfg",
 "scopeguard",
]

[[package]]
name = "log"
version = "0.4.17"
source = "registry+https://github.com/rust-lang/crates.io-index"
checksum = "abb12e687cfb44aa40f41fc3978ef76448f9b6038cad6aef4259d3c095a2382e"
dependencies = [
 "cfg-if",
]

[[package]]
name = "maplit"
version = "1.0.2"
source = "registry+https://github.com/rust-lang/crates.io-index"
checksum = "3e2e65a1a2e43cfcb47a895c4c8b10d1f4a61097f9f254f183aee60cad9c651d"

[[package]]
name = "memchr"
version = "2.5.0"
source = "registry+https://github.com/rust-lang/crates.io-index"
checksum = "2dffe52ecf27772e601905b7522cb4ef790d2cc203488bbd0e2fe85fcb74566d"

[[package]]
name = "memoffset"
version = "0.6.5"
source = "registry+https://github.com/rust-lang/crates.io-index"
checksum = "5aa361d4faea93603064a027415f07bd8e1d5c88c9fbf68bf56a285428fd79ce"
dependencies = [
 "autocfg",
]

[[package]]
name = "memoffset"
version = "0.7.1"
source = "registry+https://github.com/rust-lang/crates.io-index"
checksum = "5de893c32cde5f383baa4c04c5d6dbdd735cfd4a794b0debdb2bb1b421da5ff4"
dependencies = [
 "autocfg",
]

[[package]]
name = "miniz_oxide"
version = "0.6.2"
source = "registry+https://github.com/rust-lang/crates.io-index"
checksum = "b275950c28b37e794e8c55d88aeb5e139d0ce23fdbbeda68f8d7174abdf9e8fa"
dependencies = [
 "adler",
]

[[package]]
name = "num"
version = "0.2.1"
source = "registry+https://github.com/rust-lang/crates.io-index"
checksum = "b8536030f9fea7127f841b45bb6243b27255787fb4eb83958aa1ef9d2fdc0c36"
dependencies = [
 "num-bigint",
 "num-complex",
 "num-integer",
 "num-iter",
 "num-rational",
 "num-traits",
]

[[package]]
name = "num-bigint"
version = "0.2.6"
source = "registry+https://github.com/rust-lang/crates.io-index"
checksum = "090c7f9998ee0ff65aa5b723e4009f7b217707f1fb5ea551329cc4d6231fb304"
dependencies = [
 "autocfg",
 "num-integer",
 "num-traits",
]

[[package]]
name = "num-complex"
version = "0.2.4"
source = "registry+https://github.com/rust-lang/crates.io-index"
checksum = "b6b19411a9719e753aff12e5187b74d60d3dc449ec3f4dc21e3989c3f554bc95"
dependencies = [
 "autocfg",
 "num-traits",
]

[[package]]
name = "num-integer"
version = "0.1.45"
source = "registry+https://github.com/rust-lang/crates.io-index"
checksum = "225d3389fb3509a24c93f5c29eb6bde2586b98d9f016636dff58d7c6f7569cd9"
dependencies = [
 "autocfg",
 "num-traits",
]

[[package]]
name = "num-iter"
version = "0.1.43"
source = "registry+https://github.com/rust-lang/crates.io-index"
checksum = "7d03e6c028c5dc5cac6e2dec0efda81fc887605bb3d884578bb6d6bf7514e252"
dependencies = [
 "autocfg",
 "num-integer",
 "num-traits",
]

[[package]]
name = "num-rational"
version = "0.2.4"
source = "registry+https://github.com/rust-lang/crates.io-index"
checksum = "5c000134b5dbf44adc5cb772486d335293351644b801551abe8f75c84cfa4aef"
dependencies = [
 "autocfg",
 "num-bigint",
 "num-integer",
 "num-traits",
]

[[package]]
name = "num-traits"
version = "0.2.15"
source = "registry+https://github.com/rust-lang/crates.io-index"
checksum = "578ede34cf02f8924ab9447f50c28075b4d3e5b269972345e7e0372b38c6cdcd"
dependencies = [
 "autocfg",
]

[[package]]
name = "num_cpus"
version = "1.14.0"
source = "registry+https://github.com/rust-lang/crates.io-index"
checksum = "f6058e64324c71e02bc2b150e4f3bc8286db6c83092132ffa3f6b1eab0f9def5"
dependencies = [
 "hermit-abi",
 "libc",
]

[[package]]
name = "once_cell"
version = "1.16.0"
source = "registry+https://github.com/rust-lang/crates.io-index"
checksum = "86f0b0d4bf799edbc74508c1e8bf170ff5f41238e5f8225603ca7caaae2b7860"

[[package]]
name = "parking_lot"
version = "0.12.1"
source = "registry+https://github.com/rust-lang/crates.io-index"
checksum = "3742b2c103b9f06bc9fff0a37ff4912935851bee6d36f3c02bcc755bcfec228f"
dependencies = [
 "lock_api",
 "parking_lot_core",
]

[[package]]
name = "parking_lot_core"
version = "0.9.5"
source = "registry+https://github.com/rust-lang/crates.io-index"
checksum = "7ff9f3fef3968a3ec5945535ed654cb38ff72d7495a25619e2247fb15a2ed9ba"
dependencies = [
 "cfg-if",
 "libc",
 "redox_syscall",
 "smallvec",
 "windows-sys",
]

[[package]]
name = "proc-macro2"
version = "1.0.47"
source = "registry+https://github.com/rust-lang/crates.io-index"
checksum = "5ea3d908b0e36316caf9e9e2c4625cdde190a7e6f440d794667ed17a1855e725"
dependencies = [
 "unicode-ident",
]

[[package]]
name = "pyo3"
version = "0.17.3"
source = "registry+https://github.com/rust-lang/crates.io-index"
checksum = "268be0c73583c183f2b14052337465768c07726936a260f480f0857cb95ba543"
dependencies = [
 "cfg-if",
 "indoc",
 "libc",
 "memoffset 0.6.5",
 "parking_lot",
 "pyo3-build-config",
 "pyo3-ffi",
 "pyo3-macros",
 "unindent",
]

[[package]]
name = "pyo3-build-config"
version = "0.17.3"
source = "registry+https://github.com/rust-lang/crates.io-index"
checksum = "28fcd1e73f06ec85bf3280c48c67e731d8290ad3d730f8be9dc07946923005c8"
dependencies = [
 "once_cell",
 "target-lexicon",
]

[[package]]
name = "pyo3-ffi"
version = "0.17.3"
source = "registry+https://github.com/rust-lang/crates.io-index"
checksum = "0f6cb136e222e49115b3c51c32792886defbfb0adead26a688142b346a0b9ffc"
dependencies = [
 "libc",
 "pyo3-build-config",
]

[[package]]
name = "pyo3-macros"
version = "0.17.3"
source = "registry+https://github.com/rust-lang/crates.io-index"
checksum = "94144a1266e236b1c932682136dc35a9dee8d3589728f68130c7c3861ef96b28"
dependencies = [
 "proc-macro2",
 "pyo3-macros-backend",
 "quote",
 "syn",
]

[[package]]
name = "pyo3-macros-backend"
version = "0.17.3"
source = "registry+https://github.com/rust-lang/crates.io-index"
checksum = "c8df9be978a2d2f0cdebabb03206ed73b11314701a5bfe71b0d753b81997777f"
dependencies = [
 "proc-macro2",
 "quote",
 "syn",
]

[[package]]
name = "quote"
version = "1.0.21"
source = "registry+https://github.com/rust-lang/crates.io-index"
checksum = "bbe448f377a7d6961e30f5955f9b8d106c3f5e449d493ee1b125c1d43c2b5179"
dependencies = [
 "proc-macro2",
]

[[package]]
name = "rayon"
version = "1.6.1"
source = "registry+https://github.com/rust-lang/crates.io-index"
checksum = "6db3a213adf02b3bcfd2d3846bb41cb22857d131789e01df434fb7e7bc0759b7"
dependencies = [
 "either",
 "rayon-core",
]

[[package]]
name = "rayon-core"
version = "1.10.1"
source = "registry+https://github.com/rust-lang/crates.io-index"
checksum = "cac410af5d00ab6884528b4ab69d1e8e146e8d471201800fa1b4524126de6ad3"
dependencies = [
 "crossbeam-channel",
 "crossbeam-deque",
 "crossbeam-utils",
 "num_cpus",
]

[[package]]
name = "redox_syscall"
version = "0.2.16"
source = "registry+https://github.com/rust-lang/crates.io-index"
checksum = "fb5a58c1855b4b6819d59012155603f0b22ad30cad752600aadfcb695265519a"
dependencies = [
 "bitflags",
]

[[package]]
name = "regex"
version = "1.7.0"
source = "registry+https://github.com/rust-lang/crates.io-index"
checksum = "e076559ef8e241f2ae3479e36f97bd5741c0330689e217ad51ce2c76808b868a"
dependencies = [
 "aho-corasick",
 "memchr",
 "regex-syntax",
]

[[package]]
name = "regex-syntax"
version = "0.6.28"
source = "registry+https://github.com/rust-lang/crates.io-index"
checksum = "456c603be3e8d448b072f410900c09faf164fbce2d480456f50eea6e25f9c848"

[[package]]
name = "rustversion"
version = "1.0.9"
source = "registry+https://github.com/rust-lang/crates.io-index"
checksum = "97477e48b4cf8603ad5f7aaf897467cf42ab4218a38ef76fb14c2d6773a6d6a8"

[[package]]
name = "ryu"
version = "1.0.11"
source = "registry+https://github.com/rust-lang/crates.io-index"
checksum = "4501abdff3ae82a1c1b477a17252eb69cee9e66eb915c1abaa4f44d873df9f09"

[[package]]
name = "scopeguard"
version = "1.1.0"
source = "registry+https://github.com/rust-lang/crates.io-index"
checksum = "d29ab0c6d3fc0ee92fe66e2d99f700eab17a8d57d1c1d3b748380fb20baa78cd"

[[package]]
name = "serde"
version = "1.0.150"
source = "registry+https://github.com/rust-lang/crates.io-index"
checksum = "e326c9ec8042f1b5da33252c8a37e9ffbd2c9bef0155215b6e6c80c790e05f91"
dependencies = [
 "serde_derive",
]

[[package]]
name = "serde_derive"
version = "1.0.150"
source = "registry+https://github.com/rust-lang/crates.io-index"
checksum = "42a3df25b0713732468deadad63ab9da1f1fd75a48a15024b50363f128db627e"
dependencies = [
 "proc-macro2",
 "quote",
 "syn",
]

[[package]]
name = "serde_json"
version = "1.0.89"
source = "registry+https://github.com/rust-lang/crates.io-index"
checksum = "020ff22c755c2ed3f8cf162dbb41a7268d934702f3ed3631656ea597e08fc3db"
dependencies = [
 "itoa",
 "ryu",
 "serde",
]

[[package]]
name = "smallvec"
version = "1.10.0"
source = "registry+https://github.com/rust-lang/crates.io-index"
checksum = "a507befe795404456341dfab10cef66ead4c041f62b8b11bbb92bffe5d0953e0"

[[package]]
name = "strum"
version = "0.24.1"
source = "registry+https://github.com/rust-lang/crates.io-index"
checksum = "063e6045c0e62079840579a7e47a355ae92f60eb74daaf156fb1e84ba164e63f"

[[package]]
name = "strum_macros"
version = "0.24.3"
source = "registry+https://github.com/rust-lang/crates.io-index"
checksum = "1e385be0d24f186b4ce2f9982191e7101bb737312ad61c1f2f984f34bcf85d59"
dependencies = [
 "heck",
 "proc-macro2",
 "quote",
 "rustversion",
 "syn",
]

[[package]]
name = "syn"
version = "1.0.105"
source = "registry+https://github.com/rust-lang/crates.io-index"
checksum = "60b9b43d45702de4c839cb9b51d9f529c5dd26a4aff255b42b1ebc03e88ee908"
dependencies = [
 "proc-macro2",
 "quote",
 "unicode-ident",
]

[[package]]
name = "target-lexicon"
version = "0.12.5"
source = "registry+https://github.com/rust-lang/crates.io-index"
checksum = "9410d0f6853b1d94f0e519fb95df60f29d2c1eff2d921ffdf01a4c8a3b54f12d"

[[package]]
name = "unicode-ident"
version = "1.0.5"
source = "registry+https://github.com/rust-lang/crates.io-index"
checksum = "6ceab39d59e4c9499d4e5a8ee0e2735b891bb7308ac83dfb4e80cad195c9f6f3"

[[package]]
name = "unindent"
version = "0.1.10"
source = "registry+https://github.com/rust-lang/crates.io-index"
checksum = "58ee9362deb4a96cef4d437d1ad49cffc9b9e92d202b6995674e928ce684f112"

[[package]]
name = "wasm-bindgen"
version = "0.2.83"
source = "registry+https://github.com/rust-lang/crates.io-index"
checksum = "eaf9f5aceeec8be17c128b2e93e031fb8a4d469bb9c4ae2d7dc1888b26887268"
dependencies = [
 "cfg-if",
 "serde",
 "serde_json",
 "wasm-bindgen-macro",
]

[[package]]
name = "wasm-bindgen-backend"
version = "0.2.83"
source = "registry+https://github.com/rust-lang/crates.io-index"
checksum = "4c8ffb332579b0557b52d268b91feab8df3615f265d5270fec2a8c95b17c1142"
dependencies = [
 "bumpalo",
 "log",
 "once_cell",
 "proc-macro2",
 "quote",
 "syn",
 "wasm-bindgen-shared",
]

[[package]]
name = "wasm-bindgen-macro"
version = "0.2.83"
source = "registry+https://github.com/rust-lang/crates.io-index"
checksum = "052be0f94026e6cbc75cdefc9bae13fd6052cdcaf532fa6c45e7ae33a1e6c810"
dependencies = [
 "quote",
 "wasm-bindgen-macro-support",
]

[[package]]
name = "wasm-bindgen-macro-support"
version = "0.2.83"
source = "registry+https://github.com/rust-lang/crates.io-index"
checksum = "07bc0c051dc5f23e307b13285f9d75df86bfdf816c5721e573dec1f9b8aa193c"
dependencies = [
 "proc-macro2",
 "quote",
 "syn",
 "wasm-bindgen-backend",
 "wasm-bindgen-shared",
]

[[package]]
name = "wasm-bindgen-shared"
version = "0.2.83"
source = "registry+https://github.com/rust-lang/crates.io-index"
checksum = "1c38c045535d93ec4f0b4defec448e4291638ee608530863b1e2ba115d4fff7f"

[[package]]
name = "windows-sys"
version = "0.42.0"
source = "registry+https://github.com/rust-lang/crates.io-index"
checksum = "5a3e1820f08b8513f676f7ab6c1f99ff312fb97b553d30ff4dd86f9f15728aa7"
dependencies = [
 "windows_aarch64_gnullvm",
 "windows_aarch64_msvc",
 "windows_i686_gnu",
 "windows_i686_msvc",
 "windows_x86_64_gnu",
 "windows_x86_64_gnullvm",
 "windows_x86_64_msvc",
]

[[package]]
name = "windows_aarch64_gnullvm"
version = "0.42.0"
source = "registry+https://github.com/rust-lang/crates.io-index"
checksum = "41d2aa71f6f0cbe00ae5167d90ef3cfe66527d6f613ca78ac8024c3ccab9a19e"

[[package]]
name = "windows_aarch64_msvc"
version = "0.42.0"
source = "registry+https://github.com/rust-lang/crates.io-index"
checksum = "dd0f252f5a35cac83d6311b2e795981f5ee6e67eb1f9a7f64eb4500fbc4dcdb4"

[[package]]
name = "windows_i686_gnu"
version = "0.42.0"
source = "registry+https://github.com/rust-lang/crates.io-index"
checksum = "fbeae19f6716841636c28d695375df17562ca208b2b7d0dc47635a50ae6c5de7"

[[package]]
name = "windows_i686_msvc"
version = "0.42.0"
source = "registry+https://github.com/rust-lang/crates.io-index"
checksum = "84c12f65daa39dd2babe6e442988fc329d6243fdce47d7d2d155b8d874862246"

[[package]]
name = "windows_x86_64_gnu"
version = "0.42.0"
source = "registry+https://github.com/rust-lang/crates.io-index"
checksum = "bf7b1b21b5362cbc318f686150e5bcea75ecedc74dd157d874d754a2ca44b0ed"

[[package]]
name = "windows_x86_64_gnullvm"
version = "0.42.0"
source = "registry+https://github.com/rust-lang/crates.io-index"
checksum = "09d525d2ba30eeb3297665bd434a54297e4170c7f1a44cad4ef58095b4cd2028"

[[package]]
name = "windows_x86_64_msvc"
version = "0.42.0"
source = "registry+https://github.com/rust-lang/crates.io-index"
checksum = "f40009d85759725a34da6d89a94e63d7bdc50a862acf0dbc7c8e488f1edcb6f5"

[[package]]
name = "zip"
version = "0.6.3"
source = "registry+https://github.com/rust-lang/crates.io-index"
checksum = "537ce7411d25e54e8ae21a7ce0b15840e7bfcff15b51d697ec3266cc76bdf080"
dependencies = [
 "byteorder",
 "crc32fast",
 "crossbeam-utils",
 "flate2",
]
